{
  "nodes": {
    "archix": {
      "inputs": {
        "nixpkgs": [
          "nixpkgs"
        ],
        "xddxdd": "xddxdd"
      },
      "locked": {
        "lastModified": 1683259615,
        "narHash": "sha256-kpFsfKYqqkk2LKO6Et0T2PXzxqMMzHF3kdmwRKcZol8=",
        "owner": "SamLukeYes",
        "repo": "archix",
        "rev": "ad0f8767386e775ae6cb26a1e4df071881883f73",
        "type": "github"
      },
      "original": {
        "owner": "SamLukeYes",
        "repo": "archix",
        "type": "github"
      }
    },
    "cpupower-gui": {
      "flake": false,
      "locked": {
        "lastModified": 1674405743,
        "narHash": "sha256-nQgofy/URdT99GGYYuV16gaBnX94YHSro6RT1iQaqdI=",
        "owner": "vagnum08",
        "repo": "cpupower-gui",
        "rev": "96b231b4fed59f854ad417cd1893be0b5fd28c1d",
        "type": "github"
      },
      "original": {
        "owner": "vagnum08",
        "repo": "cpupower-gui",
        "type": "github"
      }
    },
    "devshell": {
      "inputs": {
        "nixpkgs": [
          "linyinfeng",
          "nixpkgs"
        ],
        "systems": "systems_2"
      },
      "locked": {
        "lastModified": 1683635384,
        "narHash": "sha256-9goJTd05yOyD/McaMqZ4BUB8JW+mZMnZQJZ7VQ6C/Lw=",
        "owner": "numtide",
        "repo": "devshell",
        "rev": "5143ea68647c4cf5227e4ad2100db6671fc4c369",
        "type": "github"
      },
      "original": {
        "owner": "numtide",
        "repo": "devshell",
        "type": "github"
      }
    },
    "flake-parts": {
      "inputs": {
        "nixpkgs-lib": [
          "linyinfeng",
          "nixpkgs"
        ]
      },
      "locked": {
        "lastModified": 1683560683,
        "narHash": "sha256-XAygPMN5Xnk/W2c1aW0jyEa6lfMDZWlQgiNtmHXytPc=",
        "owner": "hercules-ci",
        "repo": "flake-parts",
        "rev": "006c75898cf814ef9497252b022e91c946ba8e17",
        "type": "github"
      },
      "original": {
        "owner": "hercules-ci",
        "repo": "flake-parts",
        "type": "github"
      }
    },
    "flake-utils": {
      "inputs": {
        "systems": "systems"
      },
      "locked": {
        "lastModified": 1681202837,
        "narHash": "sha256-H+Rh19JDwRtpVPAWp64F+rlEtxUWBAQW28eAi3SRSzg=",
        "owner": "numtide",
        "repo": "flake-utils",
        "rev": "cfacdce06f30d2b68473a46042957675eebb3401",
        "type": "github"
      },
      "original": {
        "owner": "numtide",
        "repo": "flake-utils",
        "type": "github"
      }
    },
    "flake-utils-plus": {
      "inputs": {
        "flake-utils": [
          "archix",
          "xddxdd",
          "flake-utils"
        ]
      },
      "locked": {
        "lastModified": 1657226504,
        "narHash": "sha256-GIYNjuq4mJlFgqKsZ+YrgzWm0IpA4axA3MCrdKYj7gs=",
        "owner": "gytis-ivaskevicius",
        "repo": "flake-utils-plus",
        "rev": "2bf0f91643c2e5ae38c1b26893ac2927ac9bd82a",
        "type": "github"
      },
      "original": {
        "owner": "gytis-ivaskevicius",
        "repo": "flake-utils-plus",
        "type": "github"
      }
    },
    "flake-utils_2": {
      "inputs": {
        "systems": "systems_3"
      },
      "locked": {
        "lastModified": 1681202837,
        "narHash": "sha256-H+Rh19JDwRtpVPAWp64F+rlEtxUWBAQW28eAi3SRSzg=",
        "owner": "numtide",
        "repo": "flake-utils",
        "rev": "cfacdce06f30d2b68473a46042957675eebb3401",
        "type": "github"
      },
      "original": {
        "owner": "numtide",
        "repo": "flake-utils",
        "type": "github"
      }
    },
    "linglong": {
      "inputs": {
        "flake-utils": [
          "flake-utils"
        ],
        "nixpkgs": [
          "nixpkgs"
        ]
      },
      "locked": {
        "lastModified": 1683450515,
        "narHash": "sha256-aVl8WK+DcJ4OsYzHmrZAGV6fXgCeHVXugc3YZhjeQ50=",
        "owner": "SamLukeYes",
        "repo": "linglong-flake",
        "rev": "54dfc39f2f481c2f58694c0a308901ba65e3e058",
        "type": "github"
      },
      "original": {
        "owner": "SamLukeYes",
        "repo": "linglong-flake",
        "type": "github"
      }
    },
    "linyinfeng": {
      "inputs": {
        "devshell": "devshell",
        "flake-parts": "flake-parts",
        "flake-utils": "flake-utils_2",
        "nixos-stable": "nixos-stable",
        "nixpkgs": [
          "nixpkgs"
        ],
        "treefmt-nix": "treefmt-nix"
      },
      "locked": {
        "lastModified": 1683638100,
        "narHash": "sha256-BUCpH1ARmg6ZbqEj6DlsN0tRIogLcH9ctjV3oz6dEts=",
        "owner": "linyinfeng",
        "repo": "nur-packages",
        "rev": "c18d36b5aa48087d12c4e4db2815ddef45e5c625",
        "type": "github"
      },
      "original": {
        "owner": "linyinfeng",
        "repo": "nur-packages",
        "type": "github"
      }
    },
    "nixos-hardware": {
      "locked": {
        "lastModified": 1683269598,
        "narHash": "sha256-KNsb+nBbB1Fmxd07dt4E0KXMT4YeKJB7gQaA6Xfk+mo=",
        "owner": "NixOS",
        "repo": "nixos-hardware",
        "rev": "51559e691f1493a26f94f1df1aaf516bb507e78b",
        "type": "github"
      },
      "original": {
        "owner": "NixOS",
        "repo": "nixos-hardware",
        "type": "github"
      }
    },
    "nixos-stable": {
      "locked": {
        "lastModified": 1683546353,
        "narHash": "sha256-zEfx6q4fXK5wq+RCsyM0FyWBKNNhHTKMpCWkEpKDe2g=",
        "owner": "nixos",
        "repo": "nixpkgs",
        "rev": "7629f9b0680d87c7775f3261bee746da5dac76d1",
        "type": "github"
      },
      "original": {
        "owner": "nixos",
        "ref": "nixos-22.11",
        "repo": "nixpkgs",
        "type": "github"
      }
    },
    "nixpkgs": {
      "locked": {
        "lastModified": 1683408522,
        "narHash": "sha256-9kcPh6Uxo17a3kK3XCHhcWiV1Yu1kYj22RHiymUhMkU=",
        "owner": "NixOS",
        "repo": "nixpkgs",
        "rev": "897876e4c484f1e8f92009fd11b7d988a121a4e7",
        "type": "github"
      },
      "original": {
        "owner": "NixOS",
        "ref": "nixos-unstable",
        "repo": "nixpkgs",
        "type": "github"
      }
    },
    "rewine": {
      "inputs": {
        "nixpkgs": [
          "nixpkgs"
        ]
      },
      "locked": {
        "lastModified": 1683027591,
        "narHash": "sha256-+RQcDrfe5FNMGClqJyBLn7wyqgndNMFdyCM3bO1fLJY=",
        "owner": "wineee",
        "repo": "nur-packages",
        "rev": "68df5f1f045b35307e1043dcbd211333699d0a84",
        "type": "github"
      },
      "original": {
        "owner": "wineee",
        "repo": "nur-packages",
        "type": "github"
      }
    },
    "root": {
      "inputs": {
        "archix": "archix",
        "cpupower-gui": "cpupower-gui",
        "flake-utils": [
          "linyinfeng",
          "flake-utils"
        ],
        "flake-utils-plus": [
          "archix",
          "xddxdd",
          "flake-utils-plus"
        ],
        "linglong": "linglong",
        "linyinfeng": "linyinfeng",
        "nixos-hardware": "nixos-hardware",
        "nixpkgs": "nixpkgs",
        "nixpkgs-stable": [
          "linyinfeng",
          "nixos-stable"
        ],
        "rewine": "rewine",
        "starship": "starship",
        "trackers": "trackers",
        "xournalpp": "xournalpp",
        "yes": "yes"
      }
    },
    "starship": {
      "flake": false,
      "locked": {
        "lastModified": 1683789750,
        "narHash": "sha256-V/zaE2YZTH/WeQcvg+Hwww7gT2vAMaE8Fs2LZGuQNcY=",
        "owner": "starship",
        "repo": "starship",
        "rev": "532fd10bf859cd7f29622df186aabff980616454",
        "type": "github"
      },
      "original": {
        "owner": "starship",
        "repo": "starship",
        "type": "github"
      }
    },
    "systems": {
      "locked": {
        "lastModified": 1681028828,
        "narHash": "sha256-Vy1rq5AaRuLzOxct8nz4T6wlgyUR7zLU309k9mBC768=",
        "owner": "nix-systems",
        "repo": "default",
        "rev": "da67096a3b9bf56a91d16901293e51ba5b49a27e",
        "type": "github"
      },
      "original": {
        "owner": "nix-systems",
        "repo": "default",
        "type": "github"
      }
    },
    "systems_2": {
      "locked": {
        "lastModified": 1681028828,
        "narHash": "sha256-Vy1rq5AaRuLzOxct8nz4T6wlgyUR7zLU309k9mBC768=",
        "owner": "nix-systems",
        "repo": "default",
        "rev": "da67096a3b9bf56a91d16901293e51ba5b49a27e",
        "type": "github"
      },
      "original": {
        "owner": "nix-systems",
        "repo": "default",
        "type": "github"
      }
    },
    "systems_3": {
      "locked": {
        "lastModified": 1681028828,
        "narHash": "sha256-Vy1rq5AaRuLzOxct8nz4T6wlgyUR7zLU309k9mBC768=",
        "owner": "nix-systems",
        "repo": "default",
        "rev": "da67096a3b9bf56a91d16901293e51ba5b49a27e",
        "type": "github"
      },
      "original": {
        "owner": "nix-systems",
        "repo": "default",
        "type": "github"
      }
    },
    "trackers": {
      "flake": false,
      "locked": {
        "lastModified": 1683792398,
        "narHash": "sha256-CN1MMjnFq7JWsa4daO0Tjx76of9b7W9ZGR0rv25CXsc=",
        "owner": "XIU2",
        "repo": "TrackersListCollection",
        "rev": "7934609c57e5f2863de52fe9bf66d4c36e961a4f",
        "type": "github"
      },
      "original": {
        "owner": "XIU2",
        "repo": "TrackersListCollection",
        "type": "github"
      }
    },
    "treefmt-nix": {
      "inputs": {
        "nixpkgs": [
          "linyinfeng",
          "nixpkgs"
        ]
      },
      "locked": {
        "lastModified": 1683307174,
        "narHash": "sha256-A7nF2Q+F+Bqs4u6VS4aOzyURfly5f4ZAiihGU0FA29g=",
        "owner": "numtide",
        "repo": "treefmt-nix",
        "rev": "b44794f94514b61512352a18cd77c710f0005f15",
        "type": "github"
      },
      "original": {
        "owner": "numtide",
        "repo": "treefmt-nix",
        "type": "github"
      }
    },
    "xddxdd": {
      "inputs": {
        "flake-utils": "flake-utils",
        "flake-utils-plus": "flake-utils-plus",
        "nixpkgs": [
          "archix",
          "nixpkgs"
        ]
      },
      "locked": {
        "lastModified": 1682825891,
        "narHash": "sha256-HhRp/vEO2nAbiNAp7/fLFPRx5jTNMm+hCvsu7sGw47k=",
        "owner": "xddxdd",
        "repo": "nur-packages",
        "rev": "6dc52c1b8123a002c8d4fd7070d7eca888b399b0",
        "type": "github"
      },
      "original": {
        "owner": "xddxdd",
        "repo": "nur-packages",
        "type": "github"
      }
    },
    "xournalpp": {
      "flake": false,
      "locked": {
        "lastModified": 1683196750,
        "narHash": "sha256-FlymO62Dp3pD+ykMwE88e3EtZHllTL78IprxyErkWNs=",
        "owner": "xournalpp",
        "repo": "xournalpp",
        "rev": "1d881ade8b31aa271fe3adb6cf25bc5ad78807a3",
        "type": "github"
      },
      "original": {
        "owner": "xournalpp",
        "repo": "xournalpp",
        "type": "github"
      }
    },
    "yes": {
      "flake": false,
      "locked": {
        "lastModified": 1682943683,
        "narHash": "sha256-5IaofmPkrWY8O/b3M11ggEBHptIPCxt5wi+PeJMneLs=",
        "owner": "SamLukeYes",
        "repo": "nix-custom-packages",
        "rev": "d384fc5e8a3137bb5a41c3919bb6b0e6db86eee2",
        "type": "github"
      },
      "original": {
        "owner": "SamLukeYes",
        "repo": "nix-custom-packages",
        "type": "github"
      }
    }
  },
  "root": "root",
  "version": 7
}
